Microsoft Visual Studio Solution File, Format Version 12.00
# Visual Studio Version 17
VisualStudioVersion = 17.5.2.0
MinimumVisualStudioVersion = 10.0.40219.1
Project("{FAE04EC0-301F-11D3-BF4B-00C04F79EFBC}") = "ModManifestEditor", "ModManifestEditor.csproj", "{E0A40CD0-416B-13F6-E743-A52D228B1743}"
EndProject
Global
	GlobalSection(SolutionConfigurationPlatforms) = preSolution
		Debug|Any CPU = Debug|Any CPU
		Release|Any CPU = Release|Any CPU
	EndGlobalSection
	GlobalSection(ProjectConfigurationPlatforms) = postSolution
		{E0A40CD0-416B-13F6-E743-A52D228B1743}.Debug|Any CPU.ActiveCfg = Debug|Any CPU
		{E0A40CD0-416B-13F6-E743-A52D228B1743}.Debug|Any CPU.Build.0 = Debug|Any CPU
		{E0A40CD0-416B-13F6-E743-A52D228B1743}.Release|Any CPU.ActiveCfg = Release|Any CPU
		{E0A40CD0-416B-13F6-E743-A52D228B1743}.Release|Any CPU.Build.0 = Release|Any CPU
	EndGlobalSection
	GlobalSection(SolutionProperties) = preSolution
		HideSolutionNode = FALSE
	EndGlobalSection
	GlobalSection(ExtensibilityGlobals) = postSolution
		SolutionGuid = {70CD55D0-A6A2-40D8-BD2F-5250ED248E1F}
	EndGlobalSection
EndGlobal
